
Microsoft Visual Studio Solution File, Format Version 12.00
# Visual Studio Version 17
VisualStudioVersion = 17.5.33516.290
MinimumVisualStudioVersion = 10.0.40219.1
Project("{FAE04EC0-301F-11D3-BF4B-00C04F79EFBC}") = "ZAD2", "ZAD2\ZAD2.csproj", "{E00BAC5D-C55A-4482-A637-0CBA713BEF23}"
EndProject
Global
	GlobalSection(SolutionConfigurationPlatforms) = preSolution
		Debug|Any CPU = Debug|Any CPU
		Release|Any CPU = Release|Any CPU
	EndGlobalSection
	GlobalSection(ProjectConfigurationPlatforms) = postSolution
		{E00BAC5D-C55A-4482-A637-0CBA713BEF23}.Debug|Any CPU.ActiveCfg = Debug|Any CPU
		{E00BAC5D-C55A-4482-A637-0CBA713BEF23}.Debug|Any CPU.Build.0 = Debug|Any CPU
		{E00BAC5D-C55A-4482-A637-0CBA713BEF23}.Release|Any CPU.ActiveCfg = Release|Any CPU
		{E00BAC5D-C55A-4482-A637-0CBA713BEF23}.Release|Any CPU.Build.0 = Release|Any CPU
	EndGlobalSection
	GlobalSection(SolutionProperties) = preSolution
		HideSolutionNode = FALSE
	EndGlobalSection
	GlobalSection(ExtensibilityGlobals) = postSolution
		SolutionGuid = {C9E215A8-248B-4F1E-927A-3DEAEC64629A}
	EndGlobalSection
EndGlobal
